
Microsoft Visual Studio Solution File, Format Version 12.00
# Visual Studio Version 17
VisualStudioVersion = 17.0.32112.339
MinimumVisualStudioVersion = 10.0.40219.1
Project("{FAE04EC0-301F-11D3-BF4B-00C04F79EFBC}") = "FirstUnique", "FirstUnique\FirstUnique.csproj", "{B5E15478-D086-48AC-9559-78D460215331}"
EndProject
Global
	GlobalSection(SolutionConfigurationPlatforms) = preSolution
		Debug|Any CPU = Debug|Any CPU
		Release|Any CPU = Release|Any CPU
	EndGlobalSection
	GlobalSection(ProjectConfigurationPlatforms) = postSolution
		{B5E15478-D086-48AC-9559-78D460215331}.Debug|Any CPU.ActiveCfg = Debug|Any CPU
		{B5E15478-D086-48AC-9559-78D460215331}.Debug|Any CPU.Build.0 = Debug|Any CPU
		{B5E15478-D086-48AC-9559-78D460215331}.Release|Any CPU.ActiveCfg = Release|Any CPU
		{B5E15478-D086-48AC-9559-78D460215331}.Release|Any CPU.Build.0 = Release|Any CPU
	EndGlobalSection
	GlobalSection(SolutionProperties) = preSolution
		HideSolutionNode = FALSE
	EndGlobalSection
	GlobalSection(ExtensibilityGlobals) = postSolution
		SolutionGuid = {80713D71-2E6E-4D70-ABAC-D5A6C9EE4C30}
	EndGlobalSection
EndGlobal
